
Microsoft Visual Studio Solution File, Format Version 12.00
# Visual Studio Version 16
VisualStudioVersion = 16.0.30503.244
MinimumVisualStudioVersion = 10.0.40219.1
Project("{8BC9CEB8-8B4A-11D0-8D11-00A0C91BC942}") = "Hangman Game", "Hangman Game\Hangman Game.vcxproj", "{609755DF-79F1-4D86-A747-087D2A271498}"
EndProject
Global
	GlobalSection(SolutionConfigurationPlatforms) = preSolution
		Debug|x64 = Debug|x64
		Debug|x86 = Debug|x86
		Release|x64 = Release|x64
		Release|x86 = Release|x86
	EndGlobalSection
	GlobalSection(ProjectConfigurationPlatforms) = postSolution
		{609755DF-79F1-4D86-A747-087D2A271498}.Debug|x64.ActiveCfg = Debug|x64
		{609755DF-79F1-4D86-A747-087D2A271498}.Debug|x64.Build.0 = Debug|x64
		{609755DF-79F1-4D86-A747-087D2A271498}.Debug|x86.ActiveCfg = Debug|Win32
		{609755DF-79F1-4D86-A747-087D2A271498}.Debug|x86.Build.0 = Debug|Win32
		{609755DF-79F1-4D86-A747-087D2A271498}.Release|x64.ActiveCfg = Release|x64
		{609755DF-79F1-4D86-A747-087D2A271498}.Release|x64.Build.0 = Release|x64
		{609755DF-79F1-4D86-A747-087D2A271498}.Release|x86.ActiveCfg = Release|Win32
		{609755DF-79F1-4D86-A747-087D2A271498}.Release|x86.Build.0 = Release|Win32
	EndGlobalSection
	GlobalSection(SolutionProperties) = preSolution
		HideSolutionNode = FALSE
	EndGlobalSection
	GlobalSection(ExtensibilityGlobals) = postSolution
		SolutionGuid = {0B44FCCA-F872-4B17-B05C-BFEAD67A0D00}
	EndGlobalSection
EndGlobal
